{
  "name": "advent-of-code",
  "version": "1.0.0",
  "lockfileVersion": 3,
  "requires": true,
  "packages": {
    "": {
      "name": "advent-of-code",
      "version": "1.0.0",
      "license": "ISC",
      "devDependencies": {
        "bun-types": "^1.0.18"
      }
    },
    "node_modules/bun-types": {
      "version": "1.0.18",
      "resolved": "https://registry.npmjs.org/bun-types/-/bun-types-1.0.18.tgz",
      "integrity": "sha512-1XZ7AxOF8oO8FZtw1xj006JAKxEjulK3dUhsktZVN95vXBlsf4NIjQxfistVdpt24v3H2I9BwHp+UU+gXSSpAw==",
      "dev": true
    }
  }
}
